
Microsoft Visual Studio Solution File, Format Version 12.00
# Visual Studio Version 17
VisualStudioVersion = 17.7.34024.191
MinimumVisualStudioVersion = 10.0.40219.1
Project("{54A90642-561A-4BB1-A94E-469ADEE60C69}") = "CDBCalculationApp", "angularapp\CDBCalculationApp.esproj", "{F29EC4DD-2766-472E-8689-8EDB130E2D5C}"
EndProject
Project("{9A19103F-16F7-4668-BE54-9A1E7A4F7556}") = "CDBCalculationApi", "webapi\CDBCalculationApi.csproj", "{173B9345-35B5-4A2A-A1F3-2CE7C60FC339}"
EndProject
Project("{FAE04EC0-301F-11D3-BF4B-00C04F79EFBC}") = "CDBCalculationApi.Tests", "CDBCalculationApi.Tests\CDBCalculationApi.Tests.csproj", "{D7DDC171-B421-41B1-B95C-7ECD33265D0B}"
EndProject
Global
	GlobalSection(SolutionConfigurationPlatforms) = preSolution
		Debug|Any CPU = Debug|Any CPU
		Release|Any CPU = Release|Any CPU
	EndGlobalSection
	GlobalSection(ProjectConfigurationPlatforms) = postSolution
		{F29EC4DD-2766-472E-8689-8EDB130E2D5C}.Debug|Any CPU.ActiveCfg = Debug|Any CPU
		{F29EC4DD-2766-472E-8689-8EDB130E2D5C}.Debug|Any CPU.Build.0 = Debug|Any CPU
		{F29EC4DD-2766-472E-8689-8EDB130E2D5C}.Debug|Any CPU.Deploy.0 = Debug|Any CPU
		{F29EC4DD-2766-472E-8689-8EDB130E2D5C}.Release|Any CPU.ActiveCfg = Release|Any CPU
		{F29EC4DD-2766-472E-8689-8EDB130E2D5C}.Release|Any CPU.Build.0 = Release|Any CPU
		{F29EC4DD-2766-472E-8689-8EDB130E2D5C}.Release|Any CPU.Deploy.0 = Release|Any CPU
		{173B9345-35B5-4A2A-A1F3-2CE7C60FC339}.Debug|Any CPU.ActiveCfg = Debug|Any CPU
		{173B9345-35B5-4A2A-A1F3-2CE7C60FC339}.Debug|Any CPU.Build.0 = Debug|Any CPU
		{173B9345-35B5-4A2A-A1F3-2CE7C60FC339}.Release|Any CPU.ActiveCfg = Release|Any CPU
		{173B9345-35B5-4A2A-A1F3-2CE7C60FC339}.Release|Any CPU.Build.0 = Release|Any CPU
		{D7DDC171-B421-41B1-B95C-7ECD33265D0B}.Debug|Any CPU.ActiveCfg = Debug|Any CPU
		{D7DDC171-B421-41B1-B95C-7ECD33265D0B}.Debug|Any CPU.Build.0 = Debug|Any CPU
		{D7DDC171-B421-41B1-B95C-7ECD33265D0B}.Release|Any CPU.ActiveCfg = Release|Any CPU
		{D7DDC171-B421-41B1-B95C-7ECD33265D0B}.Release|Any CPU.Build.0 = Release|Any CPU
	EndGlobalSection
	GlobalSection(SolutionProperties) = preSolution
		HideSolutionNode = FALSE
	EndGlobalSection
	GlobalSection(ExtensibilityGlobals) = postSolution
		SolutionGuid = {068F607F-488F-4694-ABF8-B4D35C083BD5}
	EndGlobalSection
EndGlobal
